
Microsoft Visual Studio Solution File, Format Version 12.00
# Visual Studio Version 17
VisualStudioVersion = 17.7.34221.43
MinimumVisualStudioVersion = 10.0.40219.1
Project("{8BC9CEB8-8B4A-11D0-8D11-00A0C91BC942}") = "Pointers", "Pointers\Pointers.vcxproj", "{6F125735-8481-4083-8B2C-3E3675193733}"
EndProject
Project("{8BC9CEB8-8B4A-11D0-8D11-00A0C91BC942}") = "TransferParameters", "TransferParameters\TransferParameters.vcxproj", "{3EB0C494-9BE2-4AA8-A24E-CF528E916D13}"
EndProject
Project("{8BC9CEB8-8B4A-11D0-8D11-00A0C91BC942}") = "References", "References\References.vcxproj", "{853B8DE5-2562-43E5-86E6-2B03CEBECACA}"
EndProject
Project("{8BC9CEB8-8B4A-11D0-8D11-00A0C91BC942}") = "DynamicMemory", "DynamicMemory\DynamicMemory.vcxproj", "{39C564DD-9D36-4280-B590-339B46A26D51}"
EndProject
Project("{8BC9CEB8-8B4A-11D0-8D11-00A0C91BC942}") = "Split", "Split\Split.vcxproj", "{83C50093-2598-4825-A23D-46287F43DD44}"
EndProject
Global
	GlobalSection(SolutionConfigurationPlatforms) = preSolution
		Debug|x64 = Debug|x64
		Debug|x86 = Debug|x86
		Release|x64 = Release|x64
		Release|x86 = Release|x86
	EndGlobalSection
	GlobalSection(ProjectConfigurationPlatforms) = postSolution
		{6F125735-8481-4083-8B2C-3E3675193733}.Debug|x64.ActiveCfg = Debug|x64
		{6F125735-8481-4083-8B2C-3E3675193733}.Debug|x64.Build.0 = Debug|x64
		{6F125735-8481-4083-8B2C-3E3675193733}.Debug|x86.ActiveCfg = Debug|Win32
		{6F125735-8481-4083-8B2C-3E3675193733}.Debug|x86.Build.0 = Debug|Win32
		{6F125735-8481-4083-8B2C-3E3675193733}.Release|x64.ActiveCfg = Release|x64
		{6F125735-8481-4083-8B2C-3E3675193733}.Release|x64.Build.0 = Release|x64
		{6F125735-8481-4083-8B2C-3E3675193733}.Release|x86.ActiveCfg = Release|Win32
		{6F125735-8481-4083-8B2C-3E3675193733}.Release|x86.Build.0 = Release|Win32
		{3EB0C494-9BE2-4AA8-A24E-CF528E916D13}.Debug|x64.ActiveCfg = Debug|x64
		{3EB0C494-9BE2-4AA8-A24E-CF528E916D13}.Debug|x64.Build.0 = Debug|x64
		{3EB0C494-9BE2-4AA8-A24E-CF528E916D13}.Debug|x86.ActiveCfg = Debug|Win32
		{3EB0C494-9BE2-4AA8-A24E-CF528E916D13}.Debug|x86.Build.0 = Debug|Win32
		{3EB0C494-9BE2-4AA8-A24E-CF528E916D13}.Release|x64.ActiveCfg = Release|x64
		{3EB0C494-9BE2-4AA8-A24E-CF528E916D13}.Release|x64.Build.0 = Release|x64
		{3EB0C494-9BE2-4AA8-A24E-CF528E916D13}.Release|x86.ActiveCfg = Release|Win32
		{3EB0C494-9BE2-4AA8-A24E-CF528E916D13}.Release|x86.Build.0 = Release|Win32
		{853B8DE5-2562-43E5-86E6-2B03CEBECACA}.Debug|x64.ActiveCfg = Debug|x64
		{853B8DE5-2562-43E5-86E6-2B03CEBECACA}.Debug|x64.Build.0 = Debug|x64
		{853B8DE5-2562-43E5-86E6-2B03CEBECACA}.Debug|x86.ActiveCfg = Debug|Win32
		{853B8DE5-2562-43E5-86E6-2B03CEBECACA}.Debug|x86.Build.0 = Debug|Win32
		{853B8DE5-2562-43E5-86E6-2B03CEBECACA}.Release|x64.ActiveCfg = Release|x64
		{853B8DE5-2562-43E5-86E6-2B03CEBECACA}.Release|x64.Build.0 = Release|x64
		{853B8DE5-2562-43E5-86E6-2B03CEBECACA}.Release|x86.ActiveCfg = Release|Win32
		{853B8DE5-2562-43E5-86E6-2B03CEBECACA}.Release|x86.Build.0 = Release|Win32
		{39C564DD-9D36-4280-B590-339B46A26D51}.Debug|x64.ActiveCfg = Debug|x64
		{39C564DD-9D36-4280-B590-339B46A26D51}.Debug|x64.Build.0 = Debug|x64
		{39C564DD-9D36-4280-B590-339B46A26D51}.Debug|x86.ActiveCfg = Debug|Win32
		{39C564DD-9D36-4280-B590-339B46A26D51}.Debug|x86.Build.0 = Debug|Win32
		{39C564DD-9D36-4280-B590-339B46A26D51}.Release|x64.ActiveCfg = Release|x64
		{39C564DD-9D36-4280-B590-339B46A26D51}.Release|x64.Build.0 = Release|x64
		{39C564DD-9D36-4280-B590-339B46A26D51}.Release|x86.ActiveCfg = Release|Win32
		{39C564DD-9D36-4280-B590-339B46A26D51}.Release|x86.Build.0 = Release|Win32
		{83C50093-2598-4825-A23D-46287F43DD44}.Debug|x64.ActiveCfg = Debug|x64
		{83C50093-2598-4825-A23D-46287F43DD44}.Debug|x64.Build.0 = Debug|x64
		{83C50093-2598-4825-A23D-46287F43DD44}.Debug|x86.ActiveCfg = Debug|Win32
		{83C50093-2598-4825-A23D-46287F43DD44}.Debug|x86.Build.0 = Debug|Win32
		{83C50093-2598-4825-A23D-46287F43DD44}.Release|x64.ActiveCfg = Release|x64
		{83C50093-2598-4825-A23D-46287F43DD44}.Release|x64.Build.0 = Release|x64
		{83C50093-2598-4825-A23D-46287F43DD44}.Release|x86.ActiveCfg = Release|Win32
		{83C50093-2598-4825-A23D-46287F43DD44}.Release|x86.Build.0 = Release|Win32
	EndGlobalSection
	GlobalSection(SolutionProperties) = preSolution
		HideSolutionNode = FALSE
	EndGlobalSection
	GlobalSection(ExtensibilityGlobals) = postSolution
		SolutionGuid = {A65DD978-8654-4F7A-9DC8-8CEE95BEB08C}
	EndGlobalSection
EndGlobal
